// !$*UTF8*$!
{
	archiveVersion = 1;
	classes = {
	};
	objectVersion = 56;
	objects = {

/* Begin PBXBuildFile section */
		775D45F02C78B139009B36C4 /* EnvironmentValues+openURL.swift in Sources */ = {isa = PBXBuildFile; fileRef = 775D45EF2C78B139009B36C4 /* EnvironmentValues+openURL.swift */; };
		775D45F22C78B4A2009B36C4 /* OpenUrlAction.swift in Sources */ = {isa = PBXBuildFile; fileRef = 775D45F12C78B4A2009B36C4 /* OpenUrlAction.swift */; };
		7761C6832C6F561900805AF1 /* AppIconView.swift in Sources */ = {isa = PBXBuildFile; fileRef = 7761C6822C6F561900805AF1 /* AppIconView.swift */; };
		77ADFB5A2C6B5C9900557BF1 /* ResumeApp.swift in Sources */ = {isa = PBXBuildFile; fileRef = 77ADFB592C6B5C9900557BF1 /* ResumeApp.swift */; };
		77ADFB5C2C6B5C9900557BF1 /* ResumeView.swift in Sources */ = {isa = PBXBuildFile; fileRef = 77ADFB5B2C6B5C9900557BF1 /* ResumeView.swift */; };
		77ADFB5E2C6B5C9A00557BF1 /* Assets.xcassets in Resources */ = {isa = PBXBuildFile; fileRef = 77ADFB5D2C6B5C9A00557BF1 /* Assets.xcassets */; };
		77ADFB842C6BBDC800557BF1 /* TagView.swift in Sources */ = {isa = PBXBuildFile; fileRef = 77ADFB832C6BBDC800557BF1 /* TagView.swift */; };
		77AF459F2C73341500B8D4FF /* TimelineView.swift in Sources */ = {isa = PBXBuildFile; fileRef = 77AF459E2C73341500B8D4FF /* TimelineView.swift */; };
		77AF45A22C73347E00B8D4FF /* ProfileView.swift in Sources */ = {isa = PBXBuildFile; fileRef = 77AF45A12C73347E00B8D4FF /* ProfileView.swift */; };
		77AF45A42C73671B00B8D4FF /* TimelineEntryView.swift in Sources */ = {isa = PBXBuildFile; fileRef = 77AF45A32C73671B00B8D4FF /* TimelineEntryView.swift */; };
		77AF45A62C770E0800B8D4FF /* LanguageLabelStyle.swift in Sources */ = {isa = PBXBuildFile; fileRef = 77AF45A52C770E0800B8D4FF /* LanguageLabelStyle.swift */; };
		77AF45A92C7869AE00B8D4FF /* TagColor.swift in Sources */ = {isa = PBXBuildFile; fileRef = 77AF45A82C7869AE00B8D4FF /* TagColor.swift */; };
/* End PBXBuildFile section */

/* Begin PBXFileReference section */
		775D45EF2C78B139009B36C4 /* EnvironmentValues+openURL.swift */ = {isa = PBXFileReference; lastKnownFileType = sourcecode.swift; path = "EnvironmentValues+openURL.swift"; sourceTree = "<group>"; };
		775D45F12C78B4A2009B36C4 /* OpenUrlAction.swift */ = {isa = PBXFileReference; lastKnownFileType = sourcecode.swift; path = OpenUrlAction.swift; sourceTree = "<group>"; };
		7761C6822C6F561900805AF1 /* AppIconView.swift */ = {isa = PBXFileReference; lastKnownFileType = sourcecode.swift; path = AppIconView.swift; sourceTree = "<group>"; };
		77ADFB562C6B5C9900557BF1 /* Resume.app */ = {isa = PBXFileReference; explicitFileType = wrapper.application; includeInIndex = 0; path = Resume.app; sourceTree = BUILT_PRODUCTS_DIR; };
		77ADFB592C6B5C9900557BF1 /* ResumeApp.swift */ = {isa = PBXFileReference; lastKnownFileType = sourcecode.swift; path = ResumeApp.swift; sourceTree = "<group>"; };
		77ADFB5B2C6B5C9900557BF1 /* ResumeView.swift */ = {isa = PBXFileReference; lastKnownFileType = sourcecode.swift; path = ResumeView.swift; sourceTree = "<group>"; };
		77ADFB5D2C6B5C9A00557BF1 /* Assets.xcassets */ = {isa = PBXFileReference; lastKnownFileType = folder.assetcatalog; path = Assets.xcassets; sourceTree = "<group>"; };
		77ADFB832C6BBDC800557BF1 /* TagView.swift */ = {isa = PBXFileReference; lastKnownFileType = sourcecode.swift; path = TagView.swift; sourceTree = "<group>"; };
		77AF459E2C73341500B8D4FF /* TimelineView.swift */ = {isa = PBXFileReference; lastKnownFileType = sourcecode.swift; path = TimelineView.swift; sourceTree = "<group>"; };
		77AF45A12C73347E00B8D4FF /* ProfileView.swift */ = {isa = PBXFileReference; lastKnownFileType = sourcecode.swift; path = ProfileView.swift; sourceTree = "<group>"; };
		77AF45A32C73671B00B8D4FF /* TimelineEntryView.swift */ = {isa = PBXFileReference; lastKnownFileType = sourcecode.swift; path = TimelineEntryView.swift; sourceTree = "<group>"; };
		77AF45A52C770E0800B8D4FF /* LanguageLabelStyle.swift */ = {isa = PBXFileReference; lastKnownFileType = sourcecode.swift; path = LanguageLabelStyle.swift; sourceTree = "<group>"; };
		77AF45A82C7869AE00B8D4FF /* TagColor.swift */ = {isa = PBXFileReference; lastKnownFileType = sourcecode.swift; path = TagColor.swift; sourceTree = "<group>"; };
/* End PBXFileReference section */

/* Begin PBXFrameworksBuildPhase section */
		77ADFB532C6B5C9900557BF1 /* Frameworks */ = {
			isa = PBXFrameworksBuildPhase;
			buildActionMask = 2147483647;
			files = (
			);
			runOnlyForDeploymentPostprocessing = 0;
		};
/* End PBXFrameworksBuildPhase section */

/* Begin PBXGroup section */
		775D45EE2C78B122009B36C4 /* Extensions */ = {
			isa = PBXGroup;
			children = (
				775D45EF2C78B139009B36C4 /* EnvironmentValues+openURL.swift */,
			);
			path = Extensions;
			sourceTree = "<group>";
		};
		77ADFB4D2C6B5C9900557BF1 = {
			isa = PBXGroup;
			children = (
				77ADFB582C6B5C9900557BF1 /* Resume */,
				77ADFB572C6B5C9900557BF1 /* Products */,
			);
			sourceTree = "<group>";
		};
		77ADFB572C6B5C9900557BF1 /* Products */ = {
			isa = PBXGroup;
			children = (
				77ADFB562C6B5C9900557BF1 /* Resume.app */,
			);
			name = Products;
			sourceTree = "<group>";
		};
		77ADFB582C6B5C9900557BF1 /* Resume */ = {
			isa = PBXGroup;
			children = (
				775D45EE2C78B122009B36C4 /* Extensions */,
				77AF45A72C770EBE00B8D4FF /* Util */,
				77AF459D2C73338400B8D4FF /* Views */,
				77ADFB5D2C6B5C9A00557BF1 /* Assets.xcassets */,
				77ADFB592C6B5C9900557BF1 /* ResumeApp.swift */,
			);
			path = Resume;
			sourceTree = "<group>";
		};
		77AF459D2C73338400B8D4FF /* Views */ = {
			isa = PBXGroup;
			children = (
				7761C6822C6F561900805AF1 /* AppIconView.swift */,
				77AF45A12C73347E00B8D4FF /* ProfileView.swift */,
				77ADFB5B2C6B5C9900557BF1 /* ResumeView.swift */,
				77ADFB832C6BBDC800557BF1 /* TagView.swift */,
				77AF459E2C73341500B8D4FF /* TimelineView.swift */,
				77AF45A32C73671B00B8D4FF /* TimelineEntryView.swift */,
			);
			path = Views;
			sourceTree = "<group>";
		};
		77AF45A72C770EBE00B8D4FF /* Util */ = {
			isa = PBXGroup;
			children = (
				77AF45A52C770E0800B8D4FF /* LanguageLabelStyle.swift */,
				775D45F12C78B4A2009B36C4 /* OpenUrlAction.swift */,
				77AF45A82C7869AE00B8D4FF /* TagColor.swift */,
			);
			path = Util;
			sourceTree = "<group>";
		};
/* End PBXGroup section */

/* Begin PBXNativeTarget section */
		77ADFB552C6B5C9900557BF1 /* Resume */ = {
			isa = PBXNativeTarget;
			buildConfigurationList = 77ADFB7A2C6B5C9A00557BF1 /* Build configuration list for PBXNativeTarget "Resume" */;
			buildPhases = (
				77ADFB522C6B5C9900557BF1 /* Sources */,
				77ADFB532C6B5C9900557BF1 /* Frameworks */,
				77ADFB542C6B5C9900557BF1 /* Resources */,
			);
			buildRules = (
			);
			dependencies = (
			);
			name = Resume;
			productName = Resume;
			productReference = 77ADFB562C6B5C9900557BF1 /* Resume.app */;
			productType = "com.apple.product-type.application";
		};
/* End PBXNativeTarget section */

/* Begin PBXProject section */
		77ADFB4E2C6B5C9900557BF1 /* Project object */ = {
			isa = PBXProject;
			attributes = {
				BuildIndependentTargetsInParallel = 1;
				LastSwiftUpdateCheck = 1540;
				LastUpgradeCheck = 1540;
				TargetAttributes = {
					77ADFB552C6B5C9900557BF1 = {
						CreatedOnToolsVersion = 15.4;
					};
				};
			};
			buildConfigurationList = 77ADFB512C6B5C9900557BF1 /* Build configuration list for PBXProject "Resume" */;
			compatibilityVersion = "Xcode 14.0";
			developmentRegion = en;
			hasScannedForEncodings = 0;
			knownRegions = (
				en,
				Base,
			);
			mainGroup = 77ADFB4D2C6B5C9900557BF1;
			productRefGroup = 77ADFB572C6B5C9900557BF1 /* Products */;
			projectDirPath = "";
			projectRoot = "";
			targets = (
				77ADFB552C6B5C9900557BF1 /* Resume */,
			);
		};
/* End PBXProject section */

/* Begin PBXResourcesBuildPhase section */
		77ADFB542C6B5C9900557BF1 /* Resources */ = {
			isa = PBXResourcesBuildPhase;
			buildActionMask = 2147483647;
			files = (
				77ADFB5E2C6B5C9A00557BF1 /* Assets.xcassets in Resources */,
			);
			runOnlyForDeploymentPostprocessing = 0;
		};
/* End PBXResourcesBuildPhase section */

/* Begin PBXSourcesBuildPhase section */
		77ADFB522C6B5C9900557BF1 /* Sources */ = {
			isa = PBXSourcesBuildPhase;
			buildActionMask = 2147483647;
			files = (
				77ADFB5C2C6B5C9900557BF1 /* ResumeView.swift in Sources */,
				77AF45A42C73671B00B8D4FF /* TimelineEntryView.swift in Sources */,
				7761C6832C6F561900805AF1 /* AppIconView.swift in Sources */,
				775D45F02C78B139009B36C4 /* EnvironmentValues+openURL.swift in Sources */,
				77AF45A62C770E0800B8D4FF /* LanguageLabelStyle.swift in Sources */,
				77AF45A92C7869AE00B8D4FF /* TagColor.swift in Sources */,
				77ADFB5A2C6B5C9900557BF1 /* ResumeApp.swift in Sources */,
				77AF459F2C73341500B8D4FF /* TimelineView.swift in Sources */,
				77AF45A22C73347E00B8D4FF /* ProfileView.swift in Sources */,
				775D45F22C78B4A2009B36C4 /* OpenUrlAction.swift in Sources */,
				77ADFB842C6BBDC800557BF1 /* TagView.swift in Sources */,
			);
			runOnlyForDeploymentPostprocessing = 0;
		};
/* End PBXSourcesBuildPhase section */

/* Begin XCBuildConfiguration section */
		77ADFB782C6B5C9A00557BF1 /* Debug */ = {
			isa = XCBuildConfiguration;
			buildSettings = {
				ALWAYS_SEARCH_USER_PATHS = NO;
				ASSETCATALOG_COMPILER_GENERATE_SWIFT_ASSET_SYMBOL_EXTENSIONS = YES;
				CLANG_ANALYZER_NONNULL = YES;
				CLANG_ANALYZER_NUMBER_OBJECT_CONVERSION = YES_AGGRESSIVE;
				CLANG_CXX_LANGUAGE_STANDARD = "gnu++20";
				CLANG_ENABLE_MODULES = YES;
				CLANG_ENABLE_OBJC_ARC = YES;
				CLANG_ENABLE_OBJC_WEAK = YES;
				CLANG_WARN_BLOCK_CAPTURE_AUTORELEASING = YES;
				CLANG_WARN_BOOL_CONVERSION = YES;
				CLANG_WARN_COMMA = YES;
				CLANG_WARN_CONSTANT_CONVERSION = YES;
				CLANG_WARN_DEPRECATED_OBJC_IMPLEMENTATIONS = YES;
				CLANG_WARN_DIRECT_OBJC_ISA_USAGE = YES_ERROR;
				CLANG_WARN_DOCUMENTATION_COMMENTS = YES;
				CLANG_WARN_EMPTY_BODY = YES;
				CLANG_WARN_ENUM_CONVERSION = YES;
				CLANG_WARN_INFINITE_RECURSION = YES;
				CLANG_WARN_INT_CONVERSION = YES;
				CLANG_WARN_NON_LITERAL_NULL_CONVERSION = YES;
				CLANG_WARN_OBJC_IMPLICIT_RETAIN_SELF = YES;
				CLANG_WARN_OBJC_LITERAL_CONVERSION = YES;
				CLANG_WARN_OBJC_ROOT_CLASS = YES_ERROR;
				CLANG_WARN_QUOTED_INCLUDE_IN_FRAMEWORK_HEADER = YES;
				CLANG_WARN_RANGE_LOOP_ANALYSIS = YES;
				CLANG_WARN_STRICT_PROTOTYPES = YES;
				CLANG_WARN_SUSPICIOUS_MOVE = YES;
				CLANG_WARN_UNGUARDED_AVAILABILITY = YES_AGGRESSIVE;
				CLANG_WARN_UNREACHABLE_CODE = YES;
				CLANG_WARN__DUPLICATE_METHOD_MATCH = YES;
				COPY_PHASE_STRIP = NO;
				DEBUG_INFORMATION_FORMAT = dwarf;
				ENABLE_STRICT_OBJC_MSGSEND = YES;
				ENABLE_TESTABILITY = YES;
				ENABLE_USER_SCRIPT_SANDBOXING = YES;
				GCC_C_LANGUAGE_STANDARD = gnu17;
				GCC_DYNAMIC_NO_PIC = NO;
				GCC_NO_COMMON_BLOCKS = YES;
				GCC_OPTIMIZATION_LEVEL = 0;
				GCC_PREPROCESSOR_DEFINITIONS = (
					"DEBUG=1",
					"$(inherited)",
				);
				GCC_WARN_64_TO_32_BIT_CONVERSION = YES;
				GCC_WARN_ABOUT_RETURN_TYPE = YES_ERROR;
				GCC_WARN_UNDECLARED_SELECTOR = YES;
				GCC_WARN_UNINITIALIZED_AUTOS = YES_AGGRESSIVE;
				GCC_WARN_UNUSED_FUNCTION = YES;
				GCC_WARN_UNUSED_VARIABLE = YES;
				IPHONEOS_DEPLOYMENT_TARGET = 17.5;
				LOCALIZATION_PREFERS_STRING_CATALOGS = YES;
				MTL_ENABLE_DEBUG_INFO = INCLUDE_SOURCE;
				MTL_FAST_MATH = YES;
				ONLY_ACTIVE_ARCH = YES;
				SDKROOT = iphoneos;
				SWIFT_ACTIVE_COMPILATION_CONDITIONS = "DEBUG $(inherited)";
				SWIFT_OPTIMIZATION_LEVEL = "-Onone";
			};
			name = Debug;
		};
		77ADFB792C6B5C9A00557BF1 /* Release */ = {
			isa = XCBuildConfiguration;
			buildSettings = {
				ALWAYS_SEARCH_USER_PATHS = NO;
				ASSETCATALOG_COMPILER_GENERATE_SWIFT_ASSET_SYMBOL_EXTENSIONS = YES;
				CLANG_ANALYZER_NONNULL = YES;
				CLANG_ANALYZER_NUMBER_OBJECT_CONVERSION = YES_AGGRESSIVE;
				CLANG_CXX_LANGUAGE_STANDARD = "gnu++20";
				CLANG_ENABLE_MODULES = YES;
				CLANG_ENABLE_OBJC_ARC = YES;
				CLANG_ENABLE_OBJC_WEAK = YES;
				CLANG_WARN_BLOCK_CAPTURE_AUTORELEASING = YES;
				CLANG_WARN_BOOL_CONVERSION = YES;
				CLANG_WARN_COMMA = YES;
				CLANG_WARN_CONSTANT_CONVERSION = YES;
				CLANG_WARN_DEPRECATED_OBJC_IMPLEMENTATIONS = YES;
				CLANG_WARN_DIRECT_OBJC_ISA_USAGE = YES_ERROR;
				CLANG_WARN_DOCUMENTATION_COMMENTS = YES;
				CLANG_WARN_EMPTY_BODY = YES;
				CLANG_WARN_ENUM_CONVERSION = YES;
				CLANG_WARN_INFINITE_RECURSION = YES;
				CLANG_WARN_INT_CONVERSION = YES;
				CLANG_WARN_NON_LITERAL_NULL_CONVERSION = YES;
				CLANG_WARN_OBJC_IMPLICIT_RETAIN_SELF = YES;
				CLANG_WARN_OBJC_LITERAL_CONVERSION = YES;
				CLANG_WARN_OBJC_ROOT_CLASS = YES_ERROR;
				CLANG_WARN_QUOTED_INCLUDE_IN_FRAMEWORK_HEADER = YES;
				CLANG_WARN_RANGE_LOOP_ANALYSIS = YES;
				CLANG_WARN_STRICT_PROTOTYPES = YES;
				CLANG_WARN_SUSPICIOUS_MOVE = YES;
				CLANG_WARN_UNGUARDED_AVAILABILITY = YES_AGGRESSIVE;
				CLANG_WARN_UNREACHABLE_CODE = YES;
				CLANG_WARN__DUPLICATE_METHOD_MATCH = YES;
				COPY_PHASE_STRIP = NO;
				DEBUG_INFORMATION_FORMAT = "dwarf-with-dsym";
				ENABLE_NS_ASSERTIONS = NO;
				ENABLE_STRICT_OBJC_MSGSEND = YES;
				ENABLE_USER_SCRIPT_SANDBOXING = YES;
				GCC_C_LANGUAGE_STANDARD = gnu17;
				GCC_NO_COMMON_BLOCKS = YES;
				GCC_WARN_64_TO_32_BIT_CONVERSION = YES;
				GCC_WARN_ABOUT_RETURN_TYPE = YES_ERROR;
				GCC_WARN_UNDECLARED_SELECTOR = YES;
				GCC_WARN_UNINITIALIZED_AUTOS = YES_AGGRESSIVE;
				GCC_WARN_UNUSED_FUNCTION = YES;
				GCC_WARN_UNUSED_VARIABLE = YES;
				IPHONEOS_DEPLOYMENT_TARGET = 17.5;
				LOCALIZATION_PREFERS_STRING_CATALOGS = YES;
				MTL_ENABLE_DEBUG_INFO = NO;
				MTL_FAST_MATH = YES;
				SDKROOT = iphoneos;
				SWIFT_COMPILATION_MODE = wholemodule;
				VALIDATE_PRODUCT = YES;
			};
			name = Release;
		};
		77ADFB7B2C6B5C9A00557BF1 /* Debug */ = {
			isa = XCBuildConfiguration;
			buildSettings = {
				ASSETCATALOG_COMPILER_APPICON_NAME = AppIcon;
				ASSETCATALOG_COMPILER_GLOBAL_ACCENT_COLOR_NAME = AccentColor;
				CODE_SIGN_STYLE = Automatic;
				CURRENT_PROJECT_VERSION = 1;
				DEVELOPMENT_ASSET_PATHS = "";
				ENABLE_PREVIEWS = YES;
				GENERATE_INFOPLIST_FILE = YES;
				INFOPLIST_KEY_UIApplicationSceneManifest_Generation = YES;
				INFOPLIST_KEY_UIApplicationSupportsIndirectInputEvents = YES;
				INFOPLIST_KEY_UILaunchScreen_Generation = YES;
				INFOPLIST_KEY_UISupportedInterfaceOrientations_iPad = "UIInterfaceOrientationPortrait UIInterfaceOrientationPortraitUpsideDown UIInterfaceOrientationLandscapeLeft UIInterfaceOrientationLandscapeRight";
				INFOPLIST_KEY_UISupportedInterfaceOrientations_iPhone = "UIInterfaceOrientationPortrait UIInterfaceOrientationLandscapeLeft UIInterfaceOrientationLandscapeRight";
				LD_RUNPATH_SEARCH_PATHS = (
					"$(inherited)",
					"@executable_path/Frameworks",
				);
				MARKETING_VERSION = 1.0;
				PRODUCT_BUNDLE_IDENTIFIER = com.workspace.Resume;
				PRODUCT_NAME = "$(TARGET_NAME)";
				SWIFT_EMIT_LOC_STRINGS = YES;
				SWIFT_VERSION = 5.0;
				TARGETED_DEVICE_FAMILY = "1,2";
			};
			name = Debug;
		};
		77ADFB7C2C6B5C9A00557BF1 /* Release */ = {
			isa = XCBuildConfiguration;
			buildSettings = {
				ASSETCATALOG_COMPILER_APPICON_NAME = AppIcon;
				ASSETCATALOG_COMPILER_GLOBAL_ACCENT_COLOR_NAME = AccentColor;
				CODE_SIGN_STYLE = Automatic;
				CURRENT_PROJECT_VERSION = 1;
				DEVELOPMENT_ASSET_PATHS = "";
				ENABLE_PREVIEWS = YES;
				GENERATE_INFOPLIST_FILE = YES;
				INFOPLIST_KEY_UIApplicationSceneManifest_Generation = YES;
				INFOPLIST_KEY_UIApplicationSupportsIndirectInputEvents = YES;
				INFOPLIST_KEY_UILaunchScreen_Generation = YES;
				INFOPLIST_KEY_UISupportedInterfaceOrientations_iPad = "UIInterfaceOrientationPortrait UIInterfaceOrientationPortraitUpsideDown UIInterfaceOrientationLandscapeLeft UIInterfaceOrientationLandscapeRight";
				INFOPLIST_KEY_UISupportedInterfaceOrientations_iPhone = "UIInterfaceOrientationPortrait UIInterfaceOrientationLandscapeLeft UIInterfaceOrientationLandscapeRight";
				LD_RUNPATH_SEARCH_PATHS = (
					"$(inherited)",
					"@executable_path/Frameworks",
				);
				MARKETING_VERSION = 1.0;
				PRODUCT_BUNDLE_IDENTIFIER = com.workspace.Resume;
				PRODUCT_NAME = "$(TARGET_NAME)";
				SWIFT_EMIT_LOC_STRINGS = YES;
				SWIFT_VERSION = 5.0;
				TARGETED_DEVICE_FAMILY = "1,2";
			};
			name = Release;
		};
/* End XCBuildConfiguration section */

/* Begin XCConfigurationList section */
		77ADFB512C6B5C9900557BF1 /* Build configuration list for PBXProject "Resume" */ = {
			isa = XCConfigurationList;
			buildConfigurations = (
				77ADFB782C6B5C9A00557BF1 /* Debug */,
				77ADFB792C6B5C9A00557BF1 /* Release */,
			);
			defaultConfigurationIsVisible = 0;
			defaultConfigurationName = Release;
		};
		77ADFB7A2C6B5C9A00557BF1 /* Build configuration list for PBXNativeTarget "Resume" */ = {
			isa = XCConfigurationList;
			buildConfigurations = (
				77ADFB7B2C6B5C9A00557BF1 /* Debug */,
				77ADFB7C2C6B5C9A00557BF1 /* Release */,
			);
			defaultConfigurationIsVisible = 0;
			defaultConfigurationName = Release;
		};
/* End XCConfigurationList section */
	};
	rootObject = 77ADFB4E2C6B5C9900557BF1 /* Project object */;
}
